
Microsoft Visual Studio Solution File, Format Version 12.00
# Visual Studio Version 17
VisualStudioVersion = 17.14.36221.1 d17.14
MinimumVisualStudioVersion = 10.0.40219.1
Project("{54A90642-561A-4BB1-A94E-469ADEE60C69}") = "skinet.client", "skinet.client\skinet.client.esproj", "{D00158F0-D587-88F3-4567-031EE7FB6C01}"
EndProject
Project("{FAE04EC0-301F-11D3-BF4B-00C04F79EFBC}") = "SKINET.Server", "SKINET.Server\SKINET.Server.csproj", "{7CCE57BD-5C32-41AC-9854-2DFE58F599B3}"
EndProject
Global
	GlobalSection(SolutionConfigurationPlatforms) = preSolution
		Debug|Any CPU = Debug|Any CPU
		Release|Any CPU = Release|Any CPU
	EndGlobalSection
	GlobalSection(ProjectConfigurationPlatforms) = postSolution
		{D00158F0-D587-88F3-4567-031EE7FB6C01}.Debug|Any CPU.ActiveCfg = Debug|Any CPU
		{D00158F0-D587-88F3-4567-031EE7FB6C01}.Debug|Any CPU.Build.0 = Debug|Any CPU
		{D00158F0-D587-88F3-4567-031EE7FB6C01}.Debug|Any CPU.Deploy.0 = Debug|Any CPU
		{D00158F0-D587-88F3-4567-031EE7FB6C01}.Release|Any CPU.ActiveCfg = Release|Any CPU
		{D00158F0-D587-88F3-4567-031EE7FB6C01}.Release|Any CPU.Build.0 = Release|Any CPU
		{D00158F0-D587-88F3-4567-031EE7FB6C01}.Release|Any CPU.Deploy.0 = Release|Any CPU
		{7CCE57BD-5C32-41AC-9854-2DFE58F599B3}.Debug|Any CPU.ActiveCfg = Debug|Any CPU
		{7CCE57BD-5C32-41AC-9854-2DFE58F599B3}.Debug|Any CPU.Build.0 = Debug|Any CPU
		{7CCE57BD-5C32-41AC-9854-2DFE58F599B3}.Release|Any CPU.ActiveCfg = Release|Any CPU
		{7CCE57BD-5C32-41AC-9854-2DFE58F599B3}.Release|Any CPU.Build.0 = Release|Any CPU
	EndGlobalSection
	GlobalSection(SolutionProperties) = preSolution
		HideSolutionNode = FALSE
	EndGlobalSection
	GlobalSection(ExtensibilityGlobals) = postSolution
		SolutionGuid = {14CE2330-3C11-4C36-B336-57B2F2077FCC}
	EndGlobalSection
EndGlobal
